PODS:
  - Alamofire (4.9.1)
  - AWSCore (2.23.1)
  - AWSS3 (2.23.1):
    - AWSCore (= 2.23.1)
  - EvomoMotionAI/Basic (1.8.14):
    - Alamofire (~> 4.0)
    - AWSS3
    - MessagePack.swift (~> 3.0.0)
    - PromiseKit (~> 6.1)
    - PromiseKit/WatchConnectivity (~> 6.1)
    - SwiftyJSON (~> 5.0.0)
    - themis (~> 0.12.2)
  - EvomoMotionAI/Movesense (1.8.14):
    - Alamofire (~> 4.0)
    - AWSS3
    - EvomoMotionAI/Basic
    - MessagePack.swift (~> 3.0.0)
    - Movesense
    - PromiseKit (~> 6.1)
    - PromiseKit/WatchConnectivity (~> 6.1)
    - SwiftyJSON (~> 5.0.0)
    - themis (~> 0.12.2)
  - GRKOpenSSLFramework (1.0.2.18)
  - MessagePack.swift (3.0.1)
  - Movesense (1.34.4)
  - PromiseKit (6.13.1):
    - PromiseKit/CorePromise (= 6.13.1)
    - PromiseKit/Foundation (= 6.13.1)
    - PromiseKit/UIKit (= 6.13.1)
  - PromiseKit/CorePromise (6.13.1)
  - PromiseKit/Foundation (6.13.1):
    - PromiseKit/CorePromise
  - PromiseKit/UIKit (6.13.1):
    - PromiseKit/CorePromise
  - PromiseKit/WatchConnectivity (6.13.1):
    - PromiseKit/CorePromise
  - SwiftyJSON (5.0.0)
  - themis (0.12.2):
    - themis/themis-openssl (= 0.12.2)
  - themis/themis-openssl (0.12.2):
    - GRKOpenSSLFramework (= 1.0.2.18)
    - themis/themis-openssl/core (= 0.12.2)
    - themis/themis-openssl/objcwrapper (= 0.12.2)
  - themis/themis-openssl/core (0.12.2):
    - GRKOpenSSLFramework (= 1.0.2.18)
  - themis/themis-openssl/objcwrapper (0.12.2):
    - GRKOpenSSLFramework (= 1.0.2.18)
    - themis/themis-openssl/core

DEPENDENCIES:
  - EvomoMotionAI/Basic (from `~/evomo/swift/frameworks/evomomotionaiframework`)
  - EvomoMotionAI/Movesense (from `~/evomo/swift/frameworks/evomomotionaiframework`)

SPEC REPOS:
  https://bitbucket.org/evomo/evomopodsrelease.git:
    - Movesense
  https://github.com/CocoaPods/Specs.git:
    - Alamofire
    - AWSCore
    - AWSS3
    - GRKOpenSSLFramework
    - MessagePack.swift
    - PromiseKit
    - SwiftyJSON
    - themis

EXTERNAL SOURCES:
  EvomoMotionAI:
    :path: "~/evomo/swift/frameworks/evomomotionaiframework"

SPEC CHECKSUMS:
  Alamofire: 85e8a02c69d6020a0d734f6054870d7ecb75cf18
  AWSCore: 48bf561f5fb3616ef42c1f7f3eeb4b502d11f69d
  AWSS3: 66bf4071639d0bebaec10e7b6587712df5f05a26
  EvomoMotionAI: 37700232f806abf56d257b603f36955af225fbbb
  GRKOpenSSLFramework: 1d65e55d569af7b23074373041a92cc8bc768a92
  MessagePack.swift: 3c5eec2a66cf3c8236cb416abb5d1a8a1b52f5a6
  Movesense: fa71487963344506a226706ecef86bdcb85a4500
  PromiseKit: 28fda91c973cc377875d8c0ea4f973013c05b6db
  SwiftyJSON: 36413e04c44ee145039d332b4f4e2d3e8d6c4db7
  themis: f4ef6d942670146ad08dca8cc99a34ae040878c0

PODFILE CHECKSUM: 92039be1173d2c6e2792ee6bf3eb1632d5b01bad

COCOAPODS: 1.10.1
